{
  "nodes": {
    "nix-darwin": {
      "inputs": {
        "nixpkgs": [
          "nixpkgs"
        ]
      },
      "locked": {
        "lastModified": 1723859949,
        "narHash": "sha256-kiaGz4deGYKMjJPOji/JVvSP/eTefrIA3rAjOnOpXl4=",
        "owner": "LnL7",
        "repo": "nix-darwin",
        "rev": "076b9a905af8a52b866c8db068d6da475839d97b",
        "type": "github"
      },
      "original": {
        "owner": "LnL7",
        "repo": "nix-darwin",
        "type": "github"
      }
    },
    "nixpkgs": {
      "locked": {
        "lastModified": 1724015816,
        "narHash": "sha256-hVESnM7Eiz93+4DeiE0a1TwMeaeph1ytRJ5QtqxYRWg=",
        "owner": "NixOS",
        "repo": "nixpkgs",
        "rev": "9aa35efbea27d320d0cdc5f922f0890812affb60",
        "type": "github"
      },
      "original": {
        "owner": "NixOS",
        "ref": "nixpkgs-unstable",
        "repo": "nixpkgs",
        "type": "github"
      }
    },
    "root": {
      "inputs": {
        "nix-darwin": "nix-darwin",
        "nixpkgs": "nixpkgs"
      }
    }
  },
  "root": "root",
  "version": 7
}
